
Microsoft Visual Studio Solution File, Format Version 12.00
Project("{FAE04EC0-301F-11D3-BF4B-00C04F79EFBC}") = "Server", "Server\Server.csproj", "{2A91B4BB-C1E9-4381-BB68-53E1C25DB312}"
EndProject
Project("{FAE04EC0-301F-11D3-BF4B-00C04F79EFBC}") = "ServerHandler", "ServerHandler\ServerHandler.csproj", "{3D011B43-D036-4D2A-9012-84AB49BC4BF3}"
EndProject
Global
	GlobalSection(SolutionConfigurationPlatforms) = preSolution
		Debug|Any CPU = Debug|Any CPU
		Release|Any CPU = Release|Any CPU
	EndGlobalSection
	GlobalSection(ProjectConfigurationPlatforms) = postSolution
		{2A91B4BB-C1E9-4381-BB68-53E1C25DB312}.Debug|Any CPU.ActiveCfg = Debug|Any CPU
		{2A91B4BB-C1E9-4381-BB68-53E1C25DB312}.Debug|Any CPU.Build.0 = Debug|Any CPU
		{2A91B4BB-C1E9-4381-BB68-53E1C25DB312}.Release|Any CPU.ActiveCfg = Release|Any CPU
		{2A91B4BB-C1E9-4381-BB68-53E1C25DB312}.Release|Any CPU.Build.0 = Release|Any CPU
		{3D011B43-D036-4D2A-9012-84AB49BC4BF3}.Debug|Any CPU.ActiveCfg = Debug|Any CPU
		{3D011B43-D036-4D2A-9012-84AB49BC4BF3}.Debug|Any CPU.Build.0 = Debug|Any CPU
		{3D011B43-D036-4D2A-9012-84AB49BC4BF3}.Release|Any CPU.ActiveCfg = Release|Any CPU
		{3D011B43-D036-4D2A-9012-84AB49BC4BF3}.Release|Any CPU.Build.0 = Release|Any CPU
	EndGlobalSection
EndGlobal
